# This file is automatically @generated by Cargo.
# It is not intended for manual editing.
version = 4

[[package]]
name = "formic-admin-cli"
version = "0.1.0"
dependencies = [
 "formic-common",
]

[[package]]
name = "formic-common"
version = "0.1.0"

[[package]]
name = "formic-core"
version = "0.1.0"
dependencies = [
 "formic-common",
]

[[package]]
name = "formic-gui"
version = "0.1.0"
dependencies = [
 "formic-common",
]

[[package]]
name = "formic-user-cli"
version = "0.1.0"
dependencies = [
 "formic-common",
]
